
Microsoft Visual Studio Solution File, Format Version 12.00
# Visual Studio 15
VisualStudioVersion = 15.0.28307.329
MinimumVisualStudioVersion = 10.0.40219.1
Project("{FAE04EC0-301F-11D3-BF4B-00C04F79EFBC}") = "saod_sp_od", "saod_sp_od\saod_sp_od.csproj", "{97B771BA-EE29-4B91-BAFE-4C360264A209}"
EndProject
Global
	GlobalSection(SolutionConfigurationPlatforms) = preSolution
		Debug|Any CPU = Debug|Any CPU
		Release|Any CPU = Release|Any CPU
	EndGlobalSection
	GlobalSection(ProjectConfigurationPlatforms) = postSolution
		{97B771BA-EE29-4B91-BAFE-4C360264A209}.Debug|Any CPU.ActiveCfg = Debug|Any CPU
		{97B771BA-EE29-4B91-BAFE-4C360264A209}.Debug|Any CPU.Build.0 = Debug|Any CPU
		{97B771BA-EE29-4B91-BAFE-4C360264A209}.Release|Any CPU.ActiveCfg = Release|Any CPU
		{97B771BA-EE29-4B91-BAFE-4C360264A209}.Release|Any CPU.Build.0 = Release|Any CPU
	EndGlobalSection
	GlobalSection(SolutionProperties) = preSolution
		HideSolutionNode = FALSE
	EndGlobalSection
	GlobalSection(ExtensibilityGlobals) = postSolution
		SolutionGuid = {3273EED9-5F86-47F4-91E9-988E046D3F33}
	EndGlobalSection
EndGlobal
